
Microsoft Visual Studio Solution File, Format Version 12.00
# Visual Studio Version 17
VisualStudioVersion = 17.0.32126.317
MinimumVisualStudioVersion = 10.0.40219.1
Project("{FAE04EC0-301F-11D3-BF4B-00C04F79EFBC}") = "WinFormsApp1", "WinFormsApp1\WinFormsApp1.csproj", "{FF6DFDB0-DE29-4026-B75B-BEC0044E1CAC}"
EndProject
Global
	GlobalSection(SolutionConfigurationPlatforms) = preSolution
		Debug|Any CPU = Debug|Any CPU
		Release|Any CPU = Release|Any CPU
	EndGlobalSection
	GlobalSection(ProjectConfigurationPlatforms) = postSolution
		{FF6DFDB0-DE29-4026-B75B-BEC0044E1CAC}.Debug|Any CPU.ActiveCfg = Debug|Any CPU
		{FF6DFDB0-DE29-4026-B75B-BEC0044E1CAC}.Debug|Any CPU.Build.0 = Debug|Any CPU
		{FF6DFDB0-DE29-4026-B75B-BEC0044E1CAC}.Release|Any CPU.ActiveCfg = Release|Any CPU
		{FF6DFDB0-DE29-4026-B75B-BEC0044E1CAC}.Release|Any CPU.Build.0 = Release|Any CPU
	EndGlobalSection
	GlobalSection(SolutionProperties) = preSolution
		HideSolutionNode = FALSE
	EndGlobalSection
	GlobalSection(ExtensibilityGlobals) = postSolution
		SolutionGuid = {93221B97-29CA-47A2-9DCF-CA4A230DA6F0}
	EndGlobalSection
EndGlobal
